{
  "meteor": {},
  "dependencies": {
    "basePackages": {
      "iron-router": {
        "version": "0.6.4"
      },
      "roles": {
        "version": "1.2.6"
      },
      "ogno-admin": {
        "version": "0.2.6"
      },
      "collection2": {
        "version": "0.3.8"
      },
      "filepicker": {
        "version": "0.4.0"
      },
      "nprogress": {
        "version": "0.0.3"
      },
      "ms-seo": {
        "git": "https://github.com/DerMambo/ms-seo",
        "branch": "master"
      },
      "font-awesome": {
        "version": "4.0.3"
      },
      "mailchimp": {
        "version": "0.2.0"
      },
      "fast-render": {
        "version": "0.1.16"
      },
      "wow": {
        "version": "0.1.3"
      },
      "gravatar": {
        "version": "0.0.4"
      },
      "blog": {
        "git": "https://github.com/kevohagan/meteor-blog.git",
        "branch": "master"
      },
      "meteor-errors-sui": {
        "git": "https://github.com/kevohagan/meteor-errors-sui.git",
        "branch": "master"
      },
      "meteor-events": {
        "git": "https://github.com/kevohagan/meteor-events.git",
        "branch": "master"
      }
    },
    "packages": {
      "iron-router": {
        "git": "https://github.com/EventedMind/iron-router.git",
        "tag": "v0.6.4",
        "commit": "927bbaed1b87894fb6fb70807f74ff3a5bd89f29"
      },
      "roles": {
        "git": "https://github.com/alanning/meteor-roles.git",
        "tag": "v1.2.6",
        "commit": "f2a9058281f8f2fe028767841d7445aadd6893cf"
      },
      "ogno-admin": {
        "git": "https://github.com/matteodem/meteor-ogno-admin.git",
        "tag": "v0.2.6",
        "commit": "5c712355f6460c52a7ac428d7e01d5d3f6602b4d"
      },
      "collection2": {
        "git": "https://github.com/aldeed/meteor-collection2.git",
        "tag": "v0.3.8",
        "commit": "69aff2a21ba3c382f915e1f9dbcca2ad38edb6d5"
      },
      "filepicker": {
        "git": "https://github.com/Ink/meteor.git",
        "tag": "v0.4.0",
        "commit": "20d56aaaf48be3a5c0499547a495a6463b4fa3d9"
      },
      "nprogress": {
        "git": "https://github.com/zhouzhuojie/meteor-nprogress.git",
        "tag": "v0.0.3",
        "commit": "ffd1c5dd400af64121197f4e637a215c4b6b1fc7"
      },
      "ms-seo": {
        "git": "https://github.com/DerMambo/ms-seo",
        "branch": "master",
        "commit": "6cd2cad761b03fc0ae0bde23f4d418d2313d84d9"
      },
      "font-awesome": {
        "git": "https://github.com/nate-strauser/meteor-font-awesome.git",
        "tag": "v4.0.3",
        "commit": "61e9361384347547ae144f8228faa4deffda23db"
      },
      "mailchimp": {
        "git": "https://github.com/MiroHibler/meteor-mailchimp.git",
        "tag": "v0.2.0",
        "commit": "a714b79dc4992ec2bbdbc9a152d13aab114bae3c"
      },
      "fast-render": {
        "git": "https://github.com/arunoda/meteor-fast-render.git",
        "tag": "v0.1.16",
        "commit": "e08aa22d76f25bb43e9d0f8bee3880c686f62b2b"
      },
      "wow": {
        "git": "https://github.com/noorderstorm/meteor-wow.git",
        "tag": "v0.1.3",
        "commit": "f5e0e3fbb123c1e19f236123f52d93eea4716001"
      },
      "gravatar": {
        "git": "https://github.com/tmeasday/meteor-gravatar.git",
        "tag": "v0.0.4",
        "commit": "d1052ff4401725c23fb199c0e0a36e29b926bc22"
      },
      "blog": {
        "git": "https://github.com/kevohagan/meteor-blog.git",
        "branch": "master",
        "commit": "b3f3003a0e4dc389cec240733a24b2f0c58bd80e"
      },
      "meteor-errors-sui": {
        "git": "https://github.com/kevohagan/meteor-errors-sui.git",
        "branch": "master",
        "commit": "f8ec3197bfed0a93ff0eecf7d8502558c7303b3b"
      },
      "meteor-events": {
        "git": "https://github.com/kevohagan/meteor-events.git",
        "branch": "master",
        "commit": "0d633f2811f26704f392edf496435902cd4f9aaf"
      },
      "autoform": {
        "git": "https://github.com/aldeed/meteor-autoform.git",
        "tag": "v0.4.20",
        "commit": "d4d40a5356f9577a7d95d3526045035f3f1135af"
      },
      "pagination-mini": {
        "git": "https://github.com/huyinghuan/meteor-pagination-mini.git",
        "tag": "v0.0.2",
        "commit": "f07ab5ff58ae9d71ae4407cb3198d078a96750b0"
      },
      "semantic-ui": {
        "git": "https://github.com/nooitaf/meteor-semantic-ui.git",
        "tag": "v0.14.0",
        "commit": "36a98dcdc50216949d2f55c8bebc62ef5cbb29ee"
      },
      "simple-schema": {
        "git": "https://github.com/aldeed/meteor-simple-schema.git",
        "tag": "v0.2.40",
        "commit": "d22892daa943e3567916effeaafd794ca6af5cd2"
      },
      "crypto-md5": {
        "git": "https://github.com/oortcloud/meteor-crypto-md5.git",
        "tag": "v3.1.2.2",
        "commit": "75bbb3eeace302122d3554a6212a6fe92553fa18"
      },
      "minimongoid": {
        "git": "https://github.com/Exygy/minimongoid.git",
        "tag": "v0.8.3",
        "commit": "8a4849426f1775f9886f303067e50877696fae43"
      },
      "moment": {
        "git": "https://github.com/acreeger/meteor-moment.git",
        "tag": "v2.5.1",
        "commit": "8c9bc5d3fc96705057737cb9743d555417f6e551"
      },
      "marked": {
        "git": "https://github.com/chuangbo/meteor-marked.git",
        "tag": "v0.2.9",
        "commit": "6485d6f03841501f81176e34ab375840473aa714"
      },
      "ace-embed": {
        "git": "https://github.com/stuartfenton/meteor-ace-embed.git",
        "tag": "v0.0.4",
        "commit": "027b0e1b0d06111b51a713f04a8b8750fdcbd289"
      },
      "crypto-base": {
        "git": "https://github.com/oortcloud/meteor-crypto-base.git",
        "tag": "v3.1.2.1",
        "commit": "5df8d82a0595553415bbfae2930c6ecbeece5794"
      },
      "underscore-string-latest": {
        "git": "https://github.com/TimHeckel/meteor-underscore-string.git",
        "tag": "v2.3.3",
        "commit": "4a5d70eee48fbd90a6e6fc78747250d704a0b3bb"
      }
    }
  }
}
