{
  "meteor": {},
  "dependencies": {
    "basePackages": {
      "iron-router": {
        "version": "0.6.2"
      },
      "roles": {
        "version": "1.2.6"
      },
      "ogno-admin": {
        "version": "0.2.5"
      },
      "collection2": {
        "version": "0.3.7"
      },
      "filepicker": {
        "version": "0.4.0"
      },
      "nprogress": {
        "version": "0.0.3"
      },
      "ms-seo": {
        "git": "https://github.com/DerMambo/ms-seo",
        "branch": "master"
      },
      "font-awesome": {
        "version": "4.0.3"
      },
      "mailchimp": {
        "version": "0.2.0"
      },
      "blog": {
        "git": "https://github.com/kevohagan/meteor-blog",
        "branch": "master"
      },
      "fast-render": {
        "version": "0.1.15"
      },
      "wow": {
        "version": "0.1.3"
      }
    },
    "packages": {
      "iron-router": {
        "git": "https://github.com/EventedMind/iron-router.git",
        "tag": "v0.6.2",
        "commit": "ce56e58b45624dce992490f3a1c10f10d3948bae"
      },
      "roles": {
        "git": "https://github.com/alanning/meteor-roles.git",
        "tag": "v1.2.6",
        "commit": "f2a9058281f8f2fe028767841d7445aadd6893cf"
      },
      "ogno-admin": {
        "git": "https://github.com/matteodem/meteor-ogno-admin.git",
        "tag": "v0.2.5",
        "commit": "7d3010065a1813d92f2283bae9034ceb1679ef2b"
      },
      "collection2": {
        "git": "https://github.com/aldeed/meteor-collection2.git",
        "tag": "v0.3.7",
        "commit": "4c6c2dfd87af8cda321c80e1baea72842ad5c542"
      },
      "filepicker": {
        "git": "https://github.com/Ink/meteor.git",
        "tag": "v0.4.0",
        "commit": "20d56aaaf48be3a5c0499547a495a6463b4fa3d9"
      },
      "nprogress": {
        "git": "https://github.com/zhouzhuojie/meteor-nprogress.git",
        "tag": "v0.0.3",
        "commit": "ffd1c5dd400af64121197f4e637a215c4b6b1fc7"
      },
      "ms-seo": {
        "git": "https://github.com/DerMambo/ms-seo",
        "branch": "master",
        "commit": "52287280685c0769c43127966f8ab265b72aebaa"
      },
      "font-awesome": {
        "git": "https://github.com/nate-strauser/meteor-font-awesome.git",
        "tag": "v4.0.3",
        "commit": "61e9361384347547ae144f8228faa4deffda23db"
      },
      "mailchimp": {
        "git": "https://github.com/MiroHibler/meteor-mailchimp.git",
        "tag": "v0.2.0",
        "commit": "a714b79dc4992ec2bbdbc9a152d13aab114bae3c"
      },
      "blog": {
        "git": "https://github.com/kevohagan/meteor-blog",
        "branch": "master",
        "commit": "cd3e3508a3ceeae457f33d575db6adfc44b13f9c"
      },
      "fast-render": {
        "git": "https://github.com/arunoda/meteor-fast-render.git",
        "tag": "v0.1.15",
        "commit": "baf79a3e5863acc3abfe2d0d62fb23b21fe880de"
      },
      "wow": {
        "git": "https://github.com/noorderstorm/meteor-wow.git",
        "tag": "v0.1.3",
        "commit": "f5e0e3fbb123c1e19f236123f52d93eea4716001"
      },
      "autoform": {
        "git": "https://github.com/aldeed/meteor-autoform.git",
        "tag": "v0.4.14",
        "commit": "bd256edffecae7152a2d4644dbaba092ed5f3ad3"
      },
      "pagination-mini": {
        "git": "https://github.com/huyinghuan/meteor-pagination-mini.git",
        "tag": "v0.0.2",
        "commit": "f07ab5ff58ae9d71ae4407cb3198d078a96750b0"
      },
      "semantic-ui": {
        "git": "https://github.com/nooitaf/meteor-semantic-ui.git",
        "tag": "v0.12.4",
        "commit": "a9dec18066d80e575e57189e005782436ad1d87f"
      },
      "simple-schema": {
        "git": "https://github.com/aldeed/meteor-simple-schema.git",
        "tag": "v0.2.37",
        "commit": "4531fc43dea7bab04e4647e9820fa52631408909"
      },
      "parsleyjs": {
        "git": "https://github.com/nate-strauser/meteor-parsleyjs.git",
        "tag": "v1.1.7",
        "commit": "035a1e56a78e50369686b7e281aa71e3daf3729a"
      },
      "minimongoid": {
        "git": "https://github.com/Exygy/minimongoid.git",
        "tag": "v0.8.3",
        "commit": "8a4849426f1775f9886f303067e50877696fae43"
      },
      "moment": {
        "git": "https://github.com/acreeger/meteor-moment.git",
        "tag": "v2.5.1",
        "commit": "8c9bc5d3fc96705057737cb9743d555417f6e551"
      },
      "marked": {
        "git": "https://github.com/chuangbo/meteor-marked.git",
        "tag": "v0.2.9",
        "commit": "6485d6f03841501f81176e34ab375840473aa714"
      },
      "ace-embed": {
        "git": "https://github.com/stuartfenton/meteor-ace-embed.git",
        "tag": "v0.0.4",
        "commit": "027b0e1b0d06111b51a713f04a8b8750fdcbd289"
      },
      "underscore-string-latest": {
        "git": "https://github.com/TimHeckel/meteor-underscore-string.git",
        "tag": "v2.3.3",
        "commit": "4a5d70eee48fbd90a6e6fc78747250d704a0b3bb"
      }
    }
  }
}
